
Microsoft Visual Studio Solution File, Format Version 12.00
# Visual Studio Version 17
VisualStudioVersion = 17.2.32616.157
MinimumVisualStudioVersion = 10.0.40219.1
Project("{2150E333-8FDC-42A3-9474-1A3956D46DE8}") = "Common", "Common", "{91AE67E2-E852-4586-B9A3-FD198E80C7DE}"
EndProject
Project("{9A19103F-16F7-4668-BE54-9A1E7A4F7556}") = "Shared", "Common\Shared\Shared.csproj", "{126FA97B-42E7-46A4-AAB1-1B562EAE680F}"
EndProject
Project("{9A19103F-16F7-4668-BE54-9A1E7A4F7556}") = "KamraAPI", "KamraBE\KamraAPI\KamraAPI.csproj", "{75852CE5-4914-4946-9733-4F8E1EEF9056}"
EndProject
Project("{9A19103F-16F7-4668-BE54-9A1E7A4F7556}") = "DataAccess", "KamraBE\DataAccess\DataAccess.csproj", "{C58ABC1E-2A42-495E-A9CE-F485B94DF3CF}"
EndProject
Project("{9A19103F-16F7-4668-BE54-9A1E7A4F7556}") = "BusinessLogicService", "KamraBE\BusinessLogicService\BusinessLogicService.csproj", "{5A91FE1E-9421-44C8-ACB4-813CCA956F9F}"
EndProject
Project("{9A19103F-16F7-4668-BE54-9A1E7A4F7556}") = "Models", "Common\Models\Models.csproj", "{DBF144C1-456C-47E5-B643-17222358F11B}"
EndProject
Project("{2150E333-8FDC-42A3-9474-1A3956D46DE8}") = "BackEnd", "BackEnd", "{4B191961-754E-44D2-A3A1-78C548CBC3D2}"
EndProject
Project("{2150E333-8FDC-42A3-9474-1A3956D46DE8}") = "Crawler", "Crawler", "{134F34B0-01B3-43C7-B3CA-10245CEEA3AB}"
EndProject
Project("{2150E333-8FDC-42A3-9474-1A3956D46DE8}") = "Fetcher", "Fetcher", "{7010C210-3A43-485B-ADBC-ED66C222789F}"
EndProject
Project("{9A19103F-16F7-4668-BE54-9A1E7A4F7556}") = "AllCrawler", "Crawler\AllCrawler\AllCrawler.csproj", "{9B414DB1-C824-4CAD-8519-28184F11FABD}"
EndProject
Project("{9A19103F-16F7-4668-BE54-9A1E7A4F7556}") = "BaseCrawler", "Crawler\Base\BaseCrawler\BaseCrawler.csproj", "{C2F72CBA-9AC8-4D19-A1BB-498270C27843}"
EndProject
Project("{2150E333-8FDC-42A3-9474-1A3956D46DE8}") = "Sample", "Sample", "{8BFB6108-0BCF-4CEF-B2F4-B0158434404E}"
EndProject
Project("{9A19103F-16F7-4668-BE54-9A1E7A4F7556}") = "AldiCrawler", "Crawler\Sample\AldiCrawler\AldiCrawler.csproj", "{A32EEA3F-4DA3-43ED-B5CD-E3877AE0057F}"
EndProject
Project("{9A19103F-16F7-4668-BE54-9A1E7A4F7556}") = "LidlCrawler", "Crawler\Sample\LidlCrawler\LidlCrawler.csproj", "{3E69AF92-2E36-4421-82F4-795C5DE2E199}"
EndProject
Project("{9A19103F-16F7-4668-BE54-9A1E7A4F7556}") = "MongoDbConnector.Sample", "Crawler\Sample\MongoDbConnector.Sample\MongoDbConnector.Sample.csproj", "{1D41B5C0-37A5-4B44-A1C7-0A779998233F}"
EndProject
Project("{9A19103F-16F7-4668-BE54-9A1E7A4F7556}") = "Fetcher", "Fetcher\Fetcher.csproj", "{7168CF47-6729-4E11-A5A7-B97C3F8D0493}"
EndProject
Project("{9A19103F-16F7-4668-BE54-9A1E7A4F7556}") = "MongoDbConnector", "Common\MongoDbConnector\MongoDbConnector.csproj", "{71426AB3-E76B-492E-BD63-31CCBE3C258C}"
EndProject
Global
	GlobalSection(SolutionConfigurationPlatforms) = preSolution
		Debug|Any CPU = Debug|Any CPU
		Release|Any CPU = Release|Any CPU
	EndGlobalSection
	GlobalSection(ProjectConfigurationPlatforms) = postSolution
		{126FA97B-42E7-46A4-AAB1-1B562EAE680F}.Debug|Any CPU.ActiveCfg = Debug|Any CPU
		{126FA97B-42E7-46A4-AAB1-1B562EAE680F}.Debug|Any CPU.Build.0 = Debug|Any CPU
		{126FA97B-42E7-46A4-AAB1-1B562EAE680F}.Release|Any CPU.ActiveCfg = Release|Any CPU
		{126FA97B-42E7-46A4-AAB1-1B562EAE680F}.Release|Any CPU.Build.0 = Release|Any CPU
		{75852CE5-4914-4946-9733-4F8E1EEF9056}.Debug|Any CPU.ActiveCfg = Debug|Any CPU
		{75852CE5-4914-4946-9733-4F8E1EEF9056}.Debug|Any CPU.Build.0 = Debug|Any CPU
		{75852CE5-4914-4946-9733-4F8E1EEF9056}.Release|Any CPU.ActiveCfg = Release|Any CPU
		{75852CE5-4914-4946-9733-4F8E1EEF9056}.Release|Any CPU.Build.0 = Release|Any CPU
		{C58ABC1E-2A42-495E-A9CE-F485B94DF3CF}.Debug|Any CPU.ActiveCfg = Debug|Any CPU
		{C58ABC1E-2A42-495E-A9CE-F485B94DF3CF}.Debug|Any CPU.Build.0 = Debug|Any CPU
		{C58ABC1E-2A42-495E-A9CE-F485B94DF3CF}.Release|Any CPU.ActiveCfg = Release|Any CPU
		{C58ABC1E-2A42-495E-A9CE-F485B94DF3CF}.Release|Any CPU.Build.0 = Release|Any CPU
		{5A91FE1E-9421-44C8-ACB4-813CCA956F9F}.Debug|Any CPU.ActiveCfg = Debug|Any CPU
		{5A91FE1E-9421-44C8-ACB4-813CCA956F9F}.Debug|Any CPU.Build.0 = Debug|Any CPU
		{5A91FE1E-9421-44C8-ACB4-813CCA956F9F}.Release|Any CPU.ActiveCfg = Release|Any CPU
		{5A91FE1E-9421-44C8-ACB4-813CCA956F9F}.Release|Any CPU.Build.0 = Release|Any CPU
		{DBF144C1-456C-47E5-B643-17222358F11B}.Debug|Any CPU.ActiveCfg = Debug|Any CPU
		{DBF144C1-456C-47E5-B643-17222358F11B}.Debug|Any CPU.Build.0 = Debug|Any CPU
		{DBF144C1-456C-47E5-B643-17222358F11B}.Release|Any CPU.ActiveCfg = Release|Any CPU
		{DBF144C1-456C-47E5-B643-17222358F11B}.Release|Any CPU.Build.0 = Release|Any CPU
		{9B414DB1-C824-4CAD-8519-28184F11FABD}.Debug|Any CPU.ActiveCfg = Debug|Any CPU
		{9B414DB1-C824-4CAD-8519-28184F11FABD}.Debug|Any CPU.Build.0 = Debug|Any CPU
		{9B414DB1-C824-4CAD-8519-28184F11FABD}.Release|Any CPU.ActiveCfg = Release|Any CPU
		{9B414DB1-C824-4CAD-8519-28184F11FABD}.Release|Any CPU.Build.0 = Release|Any CPU
		{C2F72CBA-9AC8-4D19-A1BB-498270C27843}.Debug|Any CPU.ActiveCfg = Debug|Any CPU
		{C2F72CBA-9AC8-4D19-A1BB-498270C27843}.Debug|Any CPU.Build.0 = Debug|Any CPU
		{C2F72CBA-9AC8-4D19-A1BB-498270C27843}.Release|Any CPU.ActiveCfg = Release|Any CPU
		{C2F72CBA-9AC8-4D19-A1BB-498270C27843}.Release|Any CPU.Build.0 = Release|Any CPU
		{A32EEA3F-4DA3-43ED-B5CD-E3877AE0057F}.Debug|Any CPU.ActiveCfg = Debug|Any CPU
		{A32EEA3F-4DA3-43ED-B5CD-E3877AE0057F}.Debug|Any CPU.Build.0 = Debug|Any CPU
		{A32EEA3F-4DA3-43ED-B5CD-E3877AE0057F}.Release|Any CPU.ActiveCfg = Release|Any CPU
		{A32EEA3F-4DA3-43ED-B5CD-E3877AE0057F}.Release|Any CPU.Build.0 = Release|Any CPU
		{3E69AF92-2E36-4421-82F4-795C5DE2E199}.Debug|Any CPU.ActiveCfg = Debug|Any CPU
		{3E69AF92-2E36-4421-82F4-795C5DE2E199}.Debug|Any CPU.Build.0 = Debug|Any CPU
		{3E69AF92-2E36-4421-82F4-795C5DE2E199}.Release|Any CPU.ActiveCfg = Release|Any CPU
		{3E69AF92-2E36-4421-82F4-795C5DE2E199}.Release|Any CPU.Build.0 = Release|Any CPU
		{1D41B5C0-37A5-4B44-A1C7-0A779998233F}.Debug|Any CPU.ActiveCfg = Debug|Any CPU
		{1D41B5C0-37A5-4B44-A1C7-0A779998233F}.Debug|Any CPU.Build.0 = Debug|Any CPU
		{1D41B5C0-37A5-4B44-A1C7-0A779998233F}.Release|Any CPU.ActiveCfg = Release|Any CPU
		{1D41B5C0-37A5-4B44-A1C7-0A779998233F}.Release|Any CPU.Build.0 = Release|Any CPU
		{7168CF47-6729-4E11-A5A7-B97C3F8D0493}.Debug|Any CPU.ActiveCfg = Debug|Any CPU
		{7168CF47-6729-4E11-A5A7-B97C3F8D0493}.Debug|Any CPU.Build.0 = Debug|Any CPU
		{7168CF47-6729-4E11-A5A7-B97C3F8D0493}.Release|Any CPU.ActiveCfg = Release|Any CPU
		{7168CF47-6729-4E11-A5A7-B97C3F8D0493}.Release|Any CPU.Build.0 = Release|Any CPU
		{71426AB3-E76B-492E-BD63-31CCBE3C258C}.Debug|Any CPU.ActiveCfg = Debug|Any CPU
		{71426AB3-E76B-492E-BD63-31CCBE3C258C}.Debug|Any CPU.Build.0 = Debug|Any CPU
		{71426AB3-E76B-492E-BD63-31CCBE3C258C}.Release|Any CPU.ActiveCfg = Release|Any CPU
		{71426AB3-E76B-492E-BD63-31CCBE3C258C}.Release|Any CPU.Build.0 = Release|Any CPU
	EndGlobalSection
	GlobalSection(SolutionProperties) = preSolution
		HideSolutionNode = FALSE
	EndGlobalSection
	GlobalSection(NestedProjects) = preSolution
		{126FA97B-42E7-46A4-AAB1-1B562EAE680F} = {91AE67E2-E852-4586-B9A3-FD198E80C7DE}
		{DBF144C1-456C-47E5-B643-17222358F11B} = {91AE67E2-E852-4586-B9A3-FD198E80C7DE}
		{9B414DB1-C824-4CAD-8519-28184F11FABD} = {134F34B0-01B3-43C7-B3CA-10245CEEA3AB}
		{C2F72CBA-9AC8-4D19-A1BB-498270C27843} = {134F34B0-01B3-43C7-B3CA-10245CEEA3AB}
		{8BFB6108-0BCF-4CEF-B2F4-B0158434404E} = {134F34B0-01B3-43C7-B3CA-10245CEEA3AB}
		{A32EEA3F-4DA3-43ED-B5CD-E3877AE0057F} = {8BFB6108-0BCF-4CEF-B2F4-B0158434404E}
		{3E69AF92-2E36-4421-82F4-795C5DE2E199} = {8BFB6108-0BCF-4CEF-B2F4-B0158434404E}
		{1D41B5C0-37A5-4B44-A1C7-0A779998233F} = {8BFB6108-0BCF-4CEF-B2F4-B0158434404E}
		{7168CF47-6729-4E11-A5A7-B97C3F8D0493} = {7010C210-3A43-485B-ADBC-ED66C222789F}
		{71426AB3-E76B-492E-BD63-31CCBE3C258C} = {91AE67E2-E852-4586-B9A3-FD198E80C7DE}
	EndGlobalSection
	GlobalSection(ExtensibilityGlobals) = postSolution
		SolutionGuid = {3E9D171A-D1A2-49E7-A792-6A102D58F5CB}
	EndGlobalSection
EndGlobal
