
Microsoft Visual Studio Solution File, Format Version 12.00
# Visual Studio Version 17
VisualStudioVersion = 17.2.32602.215
MinimumVisualStudioVersion = 10.0.40219.1
Project("{2150E333-8FDC-42A3-9474-1A3956D46DE8}") = "Sample", "Sample", "{7D2E6752-5702-4D1C-BB87-315585E327E4}"
EndProject
Project("{2150E333-8FDC-42A3-9474-1A3956D46DE8}") = "Common", "Common", "{98EA81D2-FB57-43DA-BB12-559F632226CD}"
EndProject
Project("{9A19103F-16F7-4668-BE54-9A1E7A4F7556}") = "Shared", "Common\Shared\Shared.csproj", "{5BD626DD-1773-4B03-A0CE-30ED37D7AC45}"
EndProject
Project("{9A19103F-16F7-4668-BE54-9A1E7A4F7556}") = "MongoDbConnector", "Common\MongoDbConnector\MongoDbConnector.csproj", "{3237EDC2-4AE1-4759-9122-A0EEF82F34ED}"
EndProject
Project("{2150E333-8FDC-42A3-9474-1A3956D46DE8}") = "Base", "Base", "{581550FB-E714-4B31-B203-274C2EBA7C10}"
EndProject
Project("{9A19103F-16F7-4668-BE54-9A1E7A4F7556}") = "BaseCrawler", "Crawler\Base\BaseCrawler\BaseCrawler.csproj", "{54F053AC-4A6D-4566-B104-1846A2F2E3E8}"
EndProject
Project("{9A19103F-16F7-4668-BE54-9A1E7A4F7556}") = "MongoDbConnector.Sample", "Crawler\Sample\MongoDbConnector.Sample\MongoDbConnector.Sample.csproj", "{F8DBE9F8-B6F7-42F4-8B0A-3EF08F68B090}"
EndProject
Project("{9A19103F-16F7-4668-BE54-9A1E7A4F7556}") = "AldiCrawler", "Crawler\Sample\AldiCrawler\AldiCrawler.csproj", "{40B20F50-E6EB-4AB8-89BE-E2E454BDE622}"
EndProject
Project("{9A19103F-16F7-4668-BE54-9A1E7A4F7556}") = "LidlCrawler", "Crawler\Sample\LidlCrawler\LidlCrawler.csproj", "{98E39ED5-85EC-4E9F-9CBA-C89FAB76765B}"
EndProject
Project("{9A19103F-16F7-4668-BE54-9A1E7A4F7556}") = "AllCrawler", "Crawler\AllCrawler\AllCrawler.csproj", "{38FA08B2-7B3E-4FEA-8964-D2A786673E93}"
EndProject
Global
	GlobalSection(SolutionConfigurationPlatforms) = preSolution
		Debug|Any CPU = Debug|Any CPU
		Release|Any CPU = Release|Any CPU
	EndGlobalSection
	GlobalSection(ProjectConfigurationPlatforms) = postSolution
		{5BD626DD-1773-4B03-A0CE-30ED37D7AC45}.Debug|Any CPU.ActiveCfg = Debug|Any CPU
		{5BD626DD-1773-4B03-A0CE-30ED37D7AC45}.Debug|Any CPU.Build.0 = Debug|Any CPU
		{5BD626DD-1773-4B03-A0CE-30ED37D7AC45}.Release|Any CPU.ActiveCfg = Release|Any CPU
		{5BD626DD-1773-4B03-A0CE-30ED37D7AC45}.Release|Any CPU.Build.0 = Release|Any CPU
		{3237EDC2-4AE1-4759-9122-A0EEF82F34ED}.Debug|Any CPU.ActiveCfg = Debug|Any CPU
		{3237EDC2-4AE1-4759-9122-A0EEF82F34ED}.Debug|Any CPU.Build.0 = Debug|Any CPU
		{3237EDC2-4AE1-4759-9122-A0EEF82F34ED}.Release|Any CPU.ActiveCfg = Release|Any CPU
		{3237EDC2-4AE1-4759-9122-A0EEF82F34ED}.Release|Any CPU.Build.0 = Release|Any CPU
		{54F053AC-4A6D-4566-B104-1846A2F2E3E8}.Debug|Any CPU.ActiveCfg = Debug|Any CPU
		{54F053AC-4A6D-4566-B104-1846A2F2E3E8}.Debug|Any CPU.Build.0 = Debug|Any CPU
		{54F053AC-4A6D-4566-B104-1846A2F2E3E8}.Release|Any CPU.ActiveCfg = Release|Any CPU
		{54F053AC-4A6D-4566-B104-1846A2F2E3E8}.Release|Any CPU.Build.0 = Release|Any CPU
		{F8DBE9F8-B6F7-42F4-8B0A-3EF08F68B090}.Debug|Any CPU.ActiveCfg = Debug|Any CPU
		{F8DBE9F8-B6F7-42F4-8B0A-3EF08F68B090}.Debug|Any CPU.Build.0 = Debug|Any CPU
		{F8DBE9F8-B6F7-42F4-8B0A-3EF08F68B090}.Release|Any CPU.ActiveCfg = Release|Any CPU
		{F8DBE9F8-B6F7-42F4-8B0A-3EF08F68B090}.Release|Any CPU.Build.0 = Release|Any CPU
		{40B20F50-E6EB-4AB8-89BE-E2E454BDE622}.Debug|Any CPU.ActiveCfg = Debug|Any CPU
		{40B20F50-E6EB-4AB8-89BE-E2E454BDE622}.Debug|Any CPU.Build.0 = Debug|Any CPU
		{40B20F50-E6EB-4AB8-89BE-E2E454BDE622}.Release|Any CPU.ActiveCfg = Release|Any CPU
		{40B20F50-E6EB-4AB8-89BE-E2E454BDE622}.Release|Any CPU.Build.0 = Release|Any CPU
		{98E39ED5-85EC-4E9F-9CBA-C89FAB76765B}.Debug|Any CPU.ActiveCfg = Debug|Any CPU
		{98E39ED5-85EC-4E9F-9CBA-C89FAB76765B}.Debug|Any CPU.Build.0 = Debug|Any CPU
		{98E39ED5-85EC-4E9F-9CBA-C89FAB76765B}.Release|Any CPU.ActiveCfg = Release|Any CPU
		{98E39ED5-85EC-4E9F-9CBA-C89FAB76765B}.Release|Any CPU.Build.0 = Release|Any CPU
		{38FA08B2-7B3E-4FEA-8964-D2A786673E93}.Debug|Any CPU.ActiveCfg = Debug|Any CPU
		{38FA08B2-7B3E-4FEA-8964-D2A786673E93}.Debug|Any CPU.Build.0 = Debug|Any CPU
		{38FA08B2-7B3E-4FEA-8964-D2A786673E93}.Release|Any CPU.ActiveCfg = Release|Any CPU
		{38FA08B2-7B3E-4FEA-8964-D2A786673E93}.Release|Any CPU.Build.0 = Release|Any CPU
	EndGlobalSection
	GlobalSection(SolutionProperties) = preSolution
		HideSolutionNode = FALSE
	EndGlobalSection
	GlobalSection(NestedProjects) = preSolution
		{5BD626DD-1773-4B03-A0CE-30ED37D7AC45} = {98EA81D2-FB57-43DA-BB12-559F632226CD}
		{3237EDC2-4AE1-4759-9122-A0EEF82F34ED} = {98EA81D2-FB57-43DA-BB12-559F632226CD}
		{54F053AC-4A6D-4566-B104-1846A2F2E3E8} = {581550FB-E714-4B31-B203-274C2EBA7C10}
		{F8DBE9F8-B6F7-42F4-8B0A-3EF08F68B090} = {7D2E6752-5702-4D1C-BB87-315585E327E4}
		{40B20F50-E6EB-4AB8-89BE-E2E454BDE622} = {7D2E6752-5702-4D1C-BB87-315585E327E4}
		{98E39ED5-85EC-4E9F-9CBA-C89FAB76765B} = {7D2E6752-5702-4D1C-BB87-315585E327E4}
	EndGlobalSection
	GlobalSection(ExtensibilityGlobals) = postSolution
		SolutionGuid = {5F215677-BAD2-432A-B0DA-32412EC288C1}
	EndGlobalSection
EndGlobal
