
Microsoft Visual Studio Solution File, Format Version 12.00
# Visual Studio Version 17
VisualStudioVersion = 17.2.32616.157
MinimumVisualStudioVersion = 10.0.40219.1
Project("{2150E333-8FDC-42A3-9474-1A3956D46DE8}") = "Common", "Common", "{91AE67E2-E852-4586-B9A3-FD198E80C7DE}"
EndProject
Project("{9A19103F-16F7-4668-BE54-9A1E7A4F7556}") = "Shared", "Common\Shared\Shared.csproj", "{126FA97B-42E7-46A4-AAB1-1B562EAE680F}"
EndProject
Project("{9A19103F-16F7-4668-BE54-9A1E7A4F7556}") = "KamraAPI", "KamraBE\KamraAPI\KamraAPI.csproj", "{75852CE5-4914-4946-9733-4F8E1EEF9056}"
EndProject
Project("{9A19103F-16F7-4668-BE54-9A1E7A4F7556}") = "DataAccess", "KamraBE\DataAccess\DataAccess.csproj", "{C58ABC1E-2A42-495E-A9CE-F485B94DF3CF}"
EndProject
Project("{9A19103F-16F7-4668-BE54-9A1E7A4F7556}") = "BusinessLogicService", "KamraBE\BusinessLogicService\BusinessLogicService.csproj", "{5A91FE1E-9421-44C8-ACB4-813CCA956F9F}"
EndProject
Project("{9A19103F-16F7-4668-BE54-9A1E7A4F7556}") = "Models", "Common\Models\Models.csproj", "{DBF144C1-456C-47E5-B643-17222358F11B}"
EndProject
Global
	GlobalSection(SolutionConfigurationPlatforms) = preSolution
		Debug|Any CPU = Debug|Any CPU
		Release|Any CPU = Release|Any CPU
	EndGlobalSection
	GlobalSection(ProjectConfigurationPlatforms) = postSolution
		{126FA97B-42E7-46A4-AAB1-1B562EAE680F}.Debug|Any CPU.ActiveCfg = Debug|Any CPU
		{126FA97B-42E7-46A4-AAB1-1B562EAE680F}.Debug|Any CPU.Build.0 = Debug|Any CPU
		{126FA97B-42E7-46A4-AAB1-1B562EAE680F}.Release|Any CPU.ActiveCfg = Release|Any CPU
		{126FA97B-42E7-46A4-AAB1-1B562EAE680F}.Release|Any CPU.Build.0 = Release|Any CPU
		{75852CE5-4914-4946-9733-4F8E1EEF9056}.Debug|Any CPU.ActiveCfg = Debug|Any CPU
		{75852CE5-4914-4946-9733-4F8E1EEF9056}.Debug|Any CPU.Build.0 = Debug|Any CPU
		{75852CE5-4914-4946-9733-4F8E1EEF9056}.Release|Any CPU.ActiveCfg = Release|Any CPU
		{75852CE5-4914-4946-9733-4F8E1EEF9056}.Release|Any CPU.Build.0 = Release|Any CPU
		{C58ABC1E-2A42-495E-A9CE-F485B94DF3CF}.Debug|Any CPU.ActiveCfg = Debug|Any CPU
		{C58ABC1E-2A42-495E-A9CE-F485B94DF3CF}.Debug|Any CPU.Build.0 = Debug|Any CPU
		{C58ABC1E-2A42-495E-A9CE-F485B94DF3CF}.Release|Any CPU.ActiveCfg = Release|Any CPU
		{C58ABC1E-2A42-495E-A9CE-F485B94DF3CF}.Release|Any CPU.Build.0 = Release|Any CPU
		{5A91FE1E-9421-44C8-ACB4-813CCA956F9F}.Debug|Any CPU.ActiveCfg = Debug|Any CPU
		{5A91FE1E-9421-44C8-ACB4-813CCA956F9F}.Debug|Any CPU.Build.0 = Debug|Any CPU
		{5A91FE1E-9421-44C8-ACB4-813CCA956F9F}.Release|Any CPU.ActiveCfg = Release|Any CPU
		{5A91FE1E-9421-44C8-ACB4-813CCA956F9F}.Release|Any CPU.Build.0 = Release|Any CPU
		{DBF144C1-456C-47E5-B643-17222358F11B}.Debug|Any CPU.ActiveCfg = Debug|Any CPU
		{DBF144C1-456C-47E5-B643-17222358F11B}.Debug|Any CPU.Build.0 = Debug|Any CPU
		{DBF144C1-456C-47E5-B643-17222358F11B}.Release|Any CPU.ActiveCfg = Release|Any CPU
		{DBF144C1-456C-47E5-B643-17222358F11B}.Release|Any CPU.Build.0 = Release|Any CPU
	EndGlobalSection
	GlobalSection(SolutionProperties) = preSolution
		HideSolutionNode = FALSE
	EndGlobalSection
	GlobalSection(NestedProjects) = preSolution
		{126FA97B-42E7-46A4-AAB1-1B562EAE680F} = {91AE67E2-E852-4586-B9A3-FD198E80C7DE}
		{DBF144C1-456C-47E5-B643-17222358F11B} = {91AE67E2-E852-4586-B9A3-FD198E80C7DE}
	EndGlobalSection
	GlobalSection(ExtensibilityGlobals) = postSolution
		SolutionGuid = {3E9D171A-D1A2-49E7-A792-6A102D58F5CB}
	EndGlobalSection
EndGlobal
