
Microsoft Visual Studio Solution File, Format Version 12.00
# Visual Studio Version 17
VisualStudioVersion = 17.2.32602.215
MinimumVisualStudioVersion = 10.0.40219.1
Project("{9A19103F-16F7-4668-BE54-9A1E7A4F7556}") = "Crawler.Sample", "Crawler.Sample\Crawler.Sample.csproj", "{3145760F-72E9-4D75-B4E6-2286374B6A4C}"
EndProject
Project("{9A19103F-16F7-4668-BE54-9A1E7A4F7556}") = "Crawler", "Crawler\Crawler.csproj", "{022684CF-07C9-40B9-905F-3723AD316C9E}"
EndProject
Project("{9A19103F-16F7-4668-BE54-9A1E7A4F7556}") = "DbLoader", "DbLoader\DbLoader.csproj", "{995FE814-B8B0-4AB0-9CB1-534AC44FD30A}"
EndProject
Global
	GlobalSection(SolutionConfigurationPlatforms) = preSolution
		Debug|Any CPU = Debug|Any CPU
		Release|Any CPU = Release|Any CPU
	EndGlobalSection
	GlobalSection(ProjectConfigurationPlatforms) = postSolution
		{3145760F-72E9-4D75-B4E6-2286374B6A4C}.Debug|Any CPU.ActiveCfg = Debug|Any CPU
		{3145760F-72E9-4D75-B4E6-2286374B6A4C}.Debug|Any CPU.Build.0 = Debug|Any CPU
		{3145760F-72E9-4D75-B4E6-2286374B6A4C}.Release|Any CPU.ActiveCfg = Release|Any CPU
		{3145760F-72E9-4D75-B4E6-2286374B6A4C}.Release|Any CPU.Build.0 = Release|Any CPU
		{022684CF-07C9-40B9-905F-3723AD316C9E}.Debug|Any CPU.ActiveCfg = Debug|Any CPU
		{022684CF-07C9-40B9-905F-3723AD316C9E}.Debug|Any CPU.Build.0 = Debug|Any CPU
		{022684CF-07C9-40B9-905F-3723AD316C9E}.Release|Any CPU.ActiveCfg = Release|Any CPU
		{022684CF-07C9-40B9-905F-3723AD316C9E}.Release|Any CPU.Build.0 = Release|Any CPU
		{995FE814-B8B0-4AB0-9CB1-534AC44FD30A}.Debug|Any CPU.ActiveCfg = Debug|Any CPU
		{995FE814-B8B0-4AB0-9CB1-534AC44FD30A}.Debug|Any CPU.Build.0 = Debug|Any CPU
		{995FE814-B8B0-4AB0-9CB1-534AC44FD30A}.Release|Any CPU.ActiveCfg = Release|Any CPU
		{995FE814-B8B0-4AB0-9CB1-534AC44FD30A}.Release|Any CPU.Build.0 = Release|Any CPU
	EndGlobalSection
	GlobalSection(SolutionProperties) = preSolution
		HideSolutionNode = FALSE
	EndGlobalSection
	GlobalSection(ExtensibilityGlobals) = postSolution
		SolutionGuid = {5F215677-BAD2-432A-B0DA-32412EC288C1}
	EndGlobalSection
EndGlobal
