
Microsoft Visual Studio Solution File, Format Version 12.00
# Visual Studio Version 17
VisualStudioVersion = 17.2.32602.215
MinimumVisualStudioVersion = 10.0.40219.1
Project("{9A19103F-16F7-4668-BE54-9A1E7A4F7556}") = "Crawler", "Crawler\Crawler.csproj", "{022684CF-07C9-40B9-905F-3723AD316C9E}"
EndProject
Project("{9A19103F-16F7-4668-BE54-9A1E7A4F7556}") = "Shared", "..\KamraBE\Shared\Shared.csproj", "{D8D0D6AF-940D-4505-99C4-FA4DBB25D590}"
EndProject
Project("{9A19103F-16F7-4668-BE54-9A1E7A4F7556}") = "MongoDbConnector", "MongoDbConnector\MongoDbConnector.csproj", "{61609857-1176-4A09-9493-9FD1258C3E34}"
EndProject
Project("{2150E333-8FDC-42A3-9474-1A3956D46DE8}") = "Tests", "Tests", "{7D2E6752-5702-4D1C-BB87-315585E327E4}"
EndProject
Project("{2150E333-8FDC-42A3-9474-1A3956D46DE8}") = "Tools", "Tools", "{98EA81D2-FB57-43DA-BB12-559F632226CD}"
EndProject
Project("{9A19103F-16F7-4668-BE54-9A1E7A4F7556}") = "LidlCrawler", "LidlCrawler\LidlCrawler.csproj", "{FDB3010C-18E3-48C9-943D-44141584D38A}"
EndProject
Project("{9A19103F-16F7-4668-BE54-9A1E7A4F7556}") = "MongoDbConnector.Sample", "MongoDbConnector.Sample\MongoDbConnector.Sample.csproj", "{076F55B3-DC13-42BB-BA31-849B1E1DFAFD}"
EndProject
Global
	GlobalSection(SolutionConfigurationPlatforms) = preSolution
		Debug|Any CPU = Debug|Any CPU
		Release|Any CPU = Release|Any CPU
	EndGlobalSection
	GlobalSection(ProjectConfigurationPlatforms) = postSolution
		{022684CF-07C9-40B9-905F-3723AD316C9E}.Debug|Any CPU.ActiveCfg = Debug|Any CPU
		{022684CF-07C9-40B9-905F-3723AD316C9E}.Debug|Any CPU.Build.0 = Debug|Any CPU
		{022684CF-07C9-40B9-905F-3723AD316C9E}.Release|Any CPU.ActiveCfg = Release|Any CPU
		{022684CF-07C9-40B9-905F-3723AD316C9E}.Release|Any CPU.Build.0 = Release|Any CPU
		{D8D0D6AF-940D-4505-99C4-FA4DBB25D590}.Debug|Any CPU.ActiveCfg = Debug|Any CPU
		{D8D0D6AF-940D-4505-99C4-FA4DBB25D590}.Debug|Any CPU.Build.0 = Debug|Any CPU
		{D8D0D6AF-940D-4505-99C4-FA4DBB25D590}.Release|Any CPU.ActiveCfg = Release|Any CPU
		{D8D0D6AF-940D-4505-99C4-FA4DBB25D590}.Release|Any CPU.Build.0 = Release|Any CPU
		{61609857-1176-4A09-9493-9FD1258C3E34}.Debug|Any CPU.ActiveCfg = Debug|Any CPU
		{61609857-1176-4A09-9493-9FD1258C3E34}.Debug|Any CPU.Build.0 = Debug|Any CPU
		{61609857-1176-4A09-9493-9FD1258C3E34}.Release|Any CPU.ActiveCfg = Release|Any CPU
		{61609857-1176-4A09-9493-9FD1258C3E34}.Release|Any CPU.Build.0 = Release|Any CPU
		{FDB3010C-18E3-48C9-943D-44141584D38A}.Debug|Any CPU.ActiveCfg = Debug|Any CPU
		{FDB3010C-18E3-48C9-943D-44141584D38A}.Debug|Any CPU.Build.0 = Debug|Any CPU
		{FDB3010C-18E3-48C9-943D-44141584D38A}.Release|Any CPU.ActiveCfg = Release|Any CPU
		{FDB3010C-18E3-48C9-943D-44141584D38A}.Release|Any CPU.Build.0 = Release|Any CPU
		{076F55B3-DC13-42BB-BA31-849B1E1DFAFD}.Debug|Any CPU.ActiveCfg = Debug|Any CPU
		{076F55B3-DC13-42BB-BA31-849B1E1DFAFD}.Debug|Any CPU.Build.0 = Debug|Any CPU
		{076F55B3-DC13-42BB-BA31-849B1E1DFAFD}.Release|Any CPU.ActiveCfg = Release|Any CPU
		{076F55B3-DC13-42BB-BA31-849B1E1DFAFD}.Release|Any CPU.Build.0 = Release|Any CPU
	EndGlobalSection
	GlobalSection(SolutionProperties) = preSolution
		HideSolutionNode = FALSE
	EndGlobalSection
	GlobalSection(NestedProjects) = preSolution
		{022684CF-07C9-40B9-905F-3723AD316C9E} = {98EA81D2-FB57-43DA-BB12-559F632226CD}
		{D8D0D6AF-940D-4505-99C4-FA4DBB25D590} = {98EA81D2-FB57-43DA-BB12-559F632226CD}
		{61609857-1176-4A09-9493-9FD1258C3E34} = {98EA81D2-FB57-43DA-BB12-559F632226CD}
		{076F55B3-DC13-42BB-BA31-849B1E1DFAFD} = {7D2E6752-5702-4D1C-BB87-315585E327E4}
	EndGlobalSection
	GlobalSection(ExtensibilityGlobals) = postSolution
		SolutionGuid = {5F215677-BAD2-432A-B0DA-32412EC288C1}
	EndGlobalSection
EndGlobal
