
Microsoft Visual Studio Solution File, Format Version 12.00
# Visual Studio Version 17
VisualStudioVersion = 17.0.32002.185
MinimumVisualStudioVersion = 10.0.40219.1
Project("{9A19103F-16F7-4668-BE54-9A1E7A4F7556}") = "Kamrapp", "Kamrapp\Kamrapp.csproj", "{70864E4D-B941-4054-BCBB-59CBC51A6918}"
EndProject
Project("{2150E333-8FDC-42A3-9474-1A3956D46DE8}") = "Solution Items", "Solution Items", "{B1D63AB2-397C-4F85-B8F6-5B70D7D48C77}"
	ProjectSection(SolutionItems) = preProject
		.editorconfig = .editorconfig
	EndProjectSection
EndProject
Global
	GlobalSection(SolutionConfigurationPlatforms) = preSolution
		Debug|Any CPU = Debug|Any CPU
		Release|Any CPU = Release|Any CPU
	EndGlobalSection
	GlobalSection(ProjectConfigurationPlatforms) = postSolution
		{70864E4D-B941-4054-BCBB-59CBC51A6918}.Debug|Any CPU.ActiveCfg = Debug|Any CPU
		{70864E4D-B941-4054-BCBB-59CBC51A6918}.Debug|Any CPU.Build.0 = Debug|Any CPU
		{70864E4D-B941-4054-BCBB-59CBC51A6918}.Release|Any CPU.ActiveCfg = Release|Any CPU
		{70864E4D-B941-4054-BCBB-59CBC51A6918}.Release|Any CPU.Build.0 = Release|Any CPU
	EndGlobalSection
	GlobalSection(SolutionProperties) = preSolution
		HideSolutionNode = FALSE
	EndGlobalSection
	GlobalSection(ExtensibilityGlobals) = postSolution
		SolutionGuid = {A57778F1-E308-4DD4-82AD-A85C73204864}
	EndGlobalSection
EndGlobal
